{
  "version": "5",
  "remote": {
    "https://esm.sh/@supabase/supabase-js@2.49.0": "552b10ba8101a2c305dd5000a1dc3840c0781deeb7d8e8d69d0a3f46aadcdced"
  },
  "workspace": {
    "packageJson": {
      "dependencies": [
        "npm:@tailwindcss/postcss@4",
        "npm:@types/node@20",
        "npm:@types/react-dom@19",
        "npm:@types/react@19",
        "npm:axios@^1.13.6",
        "npm:babel-plugin-react-compiler@1.0.0",
        "npm:eslint-config-next@16.1.7",
        "npm:eslint@9",
        "npm:motion@^12.37.0",
        "npm:next@16.1.7",
        "npm:public-google-sheets-parser@^1.5.4",
        "npm:react-dom@19.2.3",
        "npm:react@19.2.3",
        "npm:sonner@^2.0.7",
        "npm:swr@^2.4.1",
        "npm:tailwindcss@4",
        "npm:typescript@5"
      ]
    }
  }
}
